
Microsoft Visual Studio Solution File, Format Version 12.00
# Visual Studio 15
VisualStudioVersion = 15.0.27004.2005
MinimumVisualStudioVersion = 10.0.40219.1
Project("{FAE04EC0-301F-11D3-BF4B-00C04F79EFBC}") = "FizzBuzzMvc", "FizzBuzzMvc\FizzBuzzMvc.csproj", "{55216D03-E400-41CE-A329-91108E32F63C}"
EndProject
Global
	GlobalSection(SolutionConfigurationPlatforms) = preSolution
		Debug|Any CPU = Debug|Any CPU
		Release|Any CPU = Release|Any CPU
	EndGlobalSection
	GlobalSection(ProjectConfigurationPlatforms) = postSolution
		{55216D03-E400-41CE-A329-91108E32F63C}.Debug|Any CPU.ActiveCfg = Debug|Any CPU
		{55216D03-E400-41CE-A329-91108E32F63C}.Debug|Any CPU.Build.0 = Debug|Any CPU
		{55216D03-E400-41CE-A329-91108E32F63C}.Release|Any CPU.ActiveCfg = Release|Any CPU
		{55216D03-E400-41CE-A329-91108E32F63C}.Release|Any CPU.Build.0 = Release|Any CPU
	EndGlobalSection
	GlobalSection(SolutionProperties) = preSolution
		HideSolutionNode = FALSE
	EndGlobalSection
	GlobalSection(ExtensibilityGlobals) = postSolution
		SolutionGuid = {E9360637-EF59-42E7-A542-F4423A161FE3}
	EndGlobalSection
EndGlobal
